
Microsoft Visual Studio Solution File, Format Version 12.00
# Visual Studio Version 16
VisualStudioVersion = 16.0.30611.23
MinimumVisualStudioVersion = 10.0.40219.1
Project("{FAE04EC0-301F-11D3-BF4B-00C04F79EFBC}") = "Xadrez_console", "Xadrez_console\Xadrez_console.csproj", "{BACB7D9D-CF12-4267-9BDE-8AA1D4AC7B79}"
EndProject
Global
	GlobalSection(SolutionConfigurationPlatforms) = preSolution
		Debug|Any CPU = Debug|Any CPU
		Release|Any CPU = Release|Any CPU
	EndGlobalSection
	GlobalSection(ProjectConfigurationPlatforms) = postSolution
		{BACB7D9D-CF12-4267-9BDE-8AA1D4AC7B79}.Debug|Any CPU.ActiveCfg = Debug|Any CPU
		{BACB7D9D-CF12-4267-9BDE-8AA1D4AC7B79}.Debug|Any CPU.Build.0 = Debug|Any CPU
		{BACB7D9D-CF12-4267-9BDE-8AA1D4AC7B79}.Release|Any CPU.ActiveCfg = Release|Any CPU
		{BACB7D9D-CF12-4267-9BDE-8AA1D4AC7B79}.Release|Any CPU.Build.0 = Release|Any CPU
	EndGlobalSection
	GlobalSection(SolutionProperties) = preSolution
		HideSolutionNode = FALSE
	EndGlobalSection
	GlobalSection(ExtensibilityGlobals) = postSolution
		SolutionGuid = {18103073-4BE2-4CAF-8BF2-D67EE34B0DE0}
	EndGlobalSection
EndGlobal
